
Microsoft Visual Studio Solution File, Format Version 12.00
# Visual Studio Version 17
VisualStudioVersion = 17.3.32922.545
MinimumVisualStudioVersion = 10.0.40219.1
Project("{FAE04EC0-301F-11D3-BF4B-00C04F79EFBC}") = "WebApp_Manha", "WebApp_Manha\WebApp_Manha.csproj", "{E0FF6A84-755A-4839-B211-981F7C47F353}"
EndProject
Global
	GlobalSection(SolutionConfigurationPlatforms) = preSolution
		Debug|Any CPU = Debug|Any CPU
		Release|Any CPU = Release|Any CPU
	EndGlobalSection
	GlobalSection(ProjectConfigurationPlatforms) = postSolution
		{E0FF6A84-755A-4839-B211-981F7C47F353}.Debug|Any CPU.ActiveCfg = Debug|Any CPU
		{E0FF6A84-755A-4839-B211-981F7C47F353}.Debug|Any CPU.Build.0 = Debug|Any CPU
		{E0FF6A84-755A-4839-B211-981F7C47F353}.Release|Any CPU.ActiveCfg = Release|Any CPU
		{E0FF6A84-755A-4839-B211-981F7C47F353}.Release|Any CPU.Build.0 = Release|Any CPU
	EndGlobalSection
	GlobalSection(SolutionProperties) = preSolution
		HideSolutionNode = FALSE
	EndGlobalSection
	GlobalSection(ExtensibilityGlobals) = postSolution
		SolutionGuid = {DB1C48A7-B99E-4171-A18D-3AE2641E77D9}
	EndGlobalSection
EndGlobal
